
Microsoft Visual Studio Solution File, Format Version 12.00
# Visual Studio Version 17
VisualStudioVersion = 17.3.32929.385
MinimumVisualStudioVersion = 10.0.40219.1
Project("{9A19103F-16F7-4668-BE54-9A1E7A4F7556}") = "Canopee.Web", "Canopee.Web\Canopee.Web.csproj", "{527E5866-9403-4DDF-9E1A-097C21CA92EC}"
EndProject
Project("{9A19103F-16F7-4668-BE54-9A1E7A4F7556}") = "Canopee.Common", "Canopee.Common\Canopee.Common.csproj", "{103A578A-63BB-4BFD-8FB7-F8D86F00D021}"
EndProject
Project("{9A19103F-16F7-4668-BE54-9A1E7A4F7556}") = "Canopee.Logger.SeriLog", "Canopee.Logger.SeriLog\Canopee.Logger.SeriLog.csproj", "{91172F33-D663-47E0-9AD8-37FB869EEDDA}"
EndProject
Global
	GlobalSection(SolutionConfigurationPlatforms) = preSolution
		Debug|Any CPU = Debug|Any CPU
		Release|Any CPU = Release|Any CPU
	EndGlobalSection
	GlobalSection(ProjectConfigurationPlatforms) = postSolution
		{527E5866-9403-4DDF-9E1A-097C21CA92EC}.Debug|Any CPU.ActiveCfg = Debug|Any CPU
		{527E5866-9403-4DDF-9E1A-097C21CA92EC}.Debug|Any CPU.Build.0 = Debug|Any CPU
		{527E5866-9403-4DDF-9E1A-097C21CA92EC}.Release|Any CPU.ActiveCfg = Release|Any CPU
		{527E5866-9403-4DDF-9E1A-097C21CA92EC}.Release|Any CPU.Build.0 = Release|Any CPU
		{103A578A-63BB-4BFD-8FB7-F8D86F00D021}.Debug|Any CPU.ActiveCfg = Debug|Any CPU
		{103A578A-63BB-4BFD-8FB7-F8D86F00D021}.Debug|Any CPU.Build.0 = Debug|Any CPU
		{103A578A-63BB-4BFD-8FB7-F8D86F00D021}.Release|Any CPU.ActiveCfg = Release|Any CPU
		{103A578A-63BB-4BFD-8FB7-F8D86F00D021}.Release|Any CPU.Build.0 = Release|Any CPU
		{91172F33-D663-47E0-9AD8-37FB869EEDDA}.Debug|Any CPU.ActiveCfg = Debug|Any CPU
		{91172F33-D663-47E0-9AD8-37FB869EEDDA}.Debug|Any CPU.Build.0 = Debug|Any CPU
		{91172F33-D663-47E0-9AD8-37FB869EEDDA}.Release|Any CPU.ActiveCfg = Release|Any CPU
		{91172F33-D663-47E0-9AD8-37FB869EEDDA}.Release|Any CPU.Build.0 = Release|Any CPU
	EndGlobalSection
	GlobalSection(SolutionProperties) = preSolution
		HideSolutionNode = FALSE
	EndGlobalSection
	GlobalSection(ExtensibilityGlobals) = postSolution
		SolutionGuid = {0A8E4821-D0A5-4F6C-A63F-5CA10CBECF3F}
	EndGlobalSection
EndGlobal
