
Microsoft Visual Studio Solution File, Format Version 12.00
# Visual Studio Version 17
VisualStudioVersion = 17.3.32929.385
MinimumVisualStudioVersion = 10.0.40219.1
Project("{9A19103F-16F7-4668-BE54-9A1E7A4F7556}") = "Canopee.Web", "Canopee.Web\Canopee.Web.csproj", "{527E5866-9403-4DDF-9E1A-097C21CA92EC}"
EndProject
Project("{9A19103F-16F7-4668-BE54-9A1E7A4F7556}") = "Canopee.Common", "Canopee.Common\Canopee.Common.csproj", "{103A578A-63BB-4BFD-8FB7-F8D86F00D021}"
EndProject
Project("{9A19103F-16F7-4668-BE54-9A1E7A4F7556}") = "Canopee.Logger.SeriLog", "Canopee.Logger.SeriLog\Canopee.Logger.SeriLog.csproj", "{91172F33-D663-47E0-9AD8-37FB869EEDDA}"
EndProject
Project("{9A19103F-16F7-4668-BE54-9A1E7A4F7556}") = "Canopee.Domain", "Canopee.Domain\Canopee.Domain.csproj", "{936F2FA1-BA3F-4875-95E0-F2896EC21A42}"
EndProject
Project("{9A19103F-16F7-4668-BE54-9A1E7A4F7556}") = "Canopee.Persistence", "Canopee.Persistence\Canopee.Persistence.csproj", "{69E41FF6-86AB-4EF1-B039-D8914BA351B1}"
EndProject
Project("{9A19103F-16F7-4668-BE54-9A1E7A4F7556}") = "Canopee.Application", "Canopee.Application\Canopee.Application.csproj", "{9325AF15-384A-47EF-84B0-FC35C4AABF9A}"
EndProject
Project("{9A19103F-16F7-4668-BE54-9A1E7A4F7556}") = "Canopee.Common.Test", "Canopee.Common.Test\Canopee.Common.Test.csproj", "{BC7CFEBA-B9F0-49D7-AA21-DA1BAF72AB8A}"
EndProject
Project("{2150E333-8FDC-42A3-9474-1A3956D46DE8}") = "Solution Items", "Solution Items", "{09B29DCF-D549-48B1-8DDC-413A0C21CCDE}"
	ProjectSection(SolutionItems) = preProject
		.editorconfig = .editorconfig
	EndProjectSection
EndProject
Global
	GlobalSection(SolutionConfigurationPlatforms) = preSolution
		Debug|Any CPU = Debug|Any CPU
		Release|Any CPU = Release|Any CPU
	EndGlobalSection
	GlobalSection(ProjectConfigurationPlatforms) = postSolution
		{527E5866-9403-4DDF-9E1A-097C21CA92EC}.Debug|Any CPU.ActiveCfg = Debug|Any CPU
		{527E5866-9403-4DDF-9E1A-097C21CA92EC}.Debug|Any CPU.Build.0 = Debug|Any CPU
		{527E5866-9403-4DDF-9E1A-097C21CA92EC}.Release|Any CPU.ActiveCfg = Release|Any CPU
		{527E5866-9403-4DDF-9E1A-097C21CA92EC}.Release|Any CPU.Build.0 = Release|Any CPU
		{103A578A-63BB-4BFD-8FB7-F8D86F00D021}.Debug|Any CPU.ActiveCfg = Debug|Any CPU
		{103A578A-63BB-4BFD-8FB7-F8D86F00D021}.Debug|Any CPU.Build.0 = Debug|Any CPU
		{103A578A-63BB-4BFD-8FB7-F8D86F00D021}.Release|Any CPU.ActiveCfg = Release|Any CPU
		{103A578A-63BB-4BFD-8FB7-F8D86F00D021}.Release|Any CPU.Build.0 = Release|Any CPU
		{91172F33-D663-47E0-9AD8-37FB869EEDDA}.Debug|Any CPU.ActiveCfg = Debug|Any CPU
		{91172F33-D663-47E0-9AD8-37FB869EEDDA}.Debug|Any CPU.Build.0 = Debug|Any CPU
		{91172F33-D663-47E0-9AD8-37FB869EEDDA}.Release|Any CPU.ActiveCfg = Release|Any CPU
		{91172F33-D663-47E0-9AD8-37FB869EEDDA}.Release|Any CPU.Build.0 = Release|Any CPU
		{936F2FA1-BA3F-4875-95E0-F2896EC21A42}.Debug|Any CPU.ActiveCfg = Debug|Any CPU
		{936F2FA1-BA3F-4875-95E0-F2896EC21A42}.Debug|Any CPU.Build.0 = Debug|Any CPU
		{936F2FA1-BA3F-4875-95E0-F2896EC21A42}.Release|Any CPU.ActiveCfg = Release|Any CPU
		{936F2FA1-BA3F-4875-95E0-F2896EC21A42}.Release|Any CPU.Build.0 = Release|Any CPU
		{69E41FF6-86AB-4EF1-B039-D8914BA351B1}.Debug|Any CPU.ActiveCfg = Debug|Any CPU
		{69E41FF6-86AB-4EF1-B039-D8914BA351B1}.Debug|Any CPU.Build.0 = Debug|Any CPU
		{69E41FF6-86AB-4EF1-B039-D8914BA351B1}.Release|Any CPU.ActiveCfg = Release|Any CPU
		{69E41FF6-86AB-4EF1-B039-D8914BA351B1}.Release|Any CPU.Build.0 = Release|Any CPU
		{9325AF15-384A-47EF-84B0-FC35C4AABF9A}.Debug|Any CPU.ActiveCfg = Debug|Any CPU
		{9325AF15-384A-47EF-84B0-FC35C4AABF9A}.Debug|Any CPU.Build.0 = Debug|Any CPU
		{9325AF15-384A-47EF-84B0-FC35C4AABF9A}.Release|Any CPU.ActiveCfg = Release|Any CPU
		{9325AF15-384A-47EF-84B0-FC35C4AABF9A}.Release|Any CPU.Build.0 = Release|Any CPU
		{BC7CFEBA-B9F0-49D7-AA21-DA1BAF72AB8A}.Debug|Any CPU.ActiveCfg = Debug|Any CPU
		{BC7CFEBA-B9F0-49D7-AA21-DA1BAF72AB8A}.Debug|Any CPU.Build.0 = Debug|Any CPU
		{BC7CFEBA-B9F0-49D7-AA21-DA1BAF72AB8A}.Release|Any CPU.ActiveCfg = Release|Any CPU
		{BC7CFEBA-B9F0-49D7-AA21-DA1BAF72AB8A}.Release|Any CPU.Build.0 = Release|Any CPU
	EndGlobalSection
	GlobalSection(SolutionProperties) = preSolution
		HideSolutionNode = FALSE
	EndGlobalSection
	GlobalSection(ExtensibilityGlobals) = postSolution
		SolutionGuid = {0A8E4821-D0A5-4F6C-A63F-5CA10CBECF3F}
	EndGlobalSection
EndGlobal
